// !$*UTF8*$!
{
	archiveVersion = 1;
	classes = {
	};
	objectVersion = 56;
	objects = {

/* Begin PBXBuildFile section */
		3157FEAE2A74533B006FA242 /* pokeappApp.swift in Sources */ = {isa = PBXBuildFile; fileRef = 3157FEAD2A74533B006FA242 /* pokeappApp.swift */; };
		3157FEB02A74533B006FA242 /* ContentView.swift in Sources */ = {isa = PBXBuildFile; fileRef = 3157FEAF2A74533B006FA242 /* ContentView.swift */; };
		3157FEB22A74533C006FA242 /* Assets.xcassets in Resources */ = {isa = PBXBuildFile; fileRef = 3157FEB12A74533C006FA242 /* Assets.xcassets */; };
		3157FEB52A74533C006FA242 /* Preview Assets.xcassets in Resources */ = {isa = PBXBuildFile; fileRef = 3157FEB42A74533C006FA242 /* Preview Assets.xcassets */; };
		3157FEBD2A74538E006FA242 /* SplashScreenView.swift in Sources */ = {isa = PBXBuildFile; fileRef = 3157FEBC2A74538E006FA242 /* SplashScreenView.swift */; };
		3157FEC02A745410006FA242 /* ColorExtension.swift in Sources */ = {isa = PBXBuildFile; fileRef = 3157FEBF2A745410006FA242 /* ColorExtension.swift */; };
		3157FEC32A746A1B006FA242 /* CustomBackgroundView.swift in Sources */ = {isa = PBXBuildFile; fileRef = 3157FEC22A746A1A006FA242 /* CustomBackgroundView.swift */; };
		3157FEC52A746C37006FA242 /* HeaderView.swift in Sources */ = {isa = PBXBuildFile; fileRef = 3157FEC42A746C37006FA242 /* HeaderView.swift */; };
		3157FEC72A74729D006FA242 /* SearchBarView.swift in Sources */ = {isa = PBXBuildFile; fileRef = 3157FEC62A74729D006FA242 /* SearchBarView.swift */; };
		3157FEC92A7484F5006FA242 /* PokemonRowView.swift in Sources */ = {isa = PBXBuildFile; fileRef = 3157FEC82A7484F5006FA242 /* PokemonRowView.swift */; };
		3157FECB2A749D01006FA242 /* Pokemon.swift in Sources */ = {isa = PBXBuildFile; fileRef = 3157FECA2A749D01006FA242 /* Pokemon.swift */; };
		3157FECD2A74A20B006FA242 /* PokemonTypeView.swift in Sources */ = {isa = PBXBuildFile; fileRef = 3157FECC2A74A20B006FA242 /* PokemonTypeView.swift */; };
/* End PBXBuildFile section */

/* Begin PBXFileReference section */
		3157FEAA2A74533B006FA242 /* pokeapp.app */ = {isa = PBXFileReference; explicitFileType = wrapper.application; includeInIndex = 0; path = pokeapp.app; sourceTree = BUILT_PRODUCTS_DIR; };
		3157FEAD2A74533B006FA242 /* pokeappApp.swift */ = {isa = PBXFileReference; lastKnownFileType = sourcecode.swift; path = pokeappApp.swift; sourceTree = "<group>"; };
		3157FEAF2A74533B006FA242 /* ContentView.swift */ = {isa = PBXFileReference; lastKnownFileType = sourcecode.swift; path = ContentView.swift; sourceTree = "<group>"; };
		3157FEB12A74533C006FA242 /* Assets.xcassets */ = {isa = PBXFileReference; lastKnownFileType = folder.assetcatalog; path = Assets.xcassets; sourceTree = "<group>"; };
		3157FEB42A74533C006FA242 /* Preview Assets.xcassets */ = {isa = PBXFileReference; lastKnownFileType = folder.assetcatalog; path = "Preview Assets.xcassets"; sourceTree = "<group>"; };
		3157FEBC2A74538E006FA242 /* SplashScreenView.swift */ = {isa = PBXFileReference; lastKnownFileType = sourcecode.swift; path = SplashScreenView.swift; sourceTree = "<group>"; };
		3157FEBF2A745410006FA242 /* ColorExtension.swift */ = {isa = PBXFileReference; lastKnownFileType = sourcecode.swift; path = ColorExtension.swift; sourceTree = "<group>"; };
		3157FEC22A746A1A006FA242 /* CustomBackgroundView.swift */ = {isa = PBXFileReference; lastKnownFileType = sourcecode.swift; path = CustomBackgroundView.swift; sourceTree = "<group>"; };
		3157FEC42A746C37006FA242 /* HeaderView.swift */ = {isa = PBXFileReference; lastKnownFileType = sourcecode.swift; path = HeaderView.swift; sourceTree = "<group>"; };
		3157FEC62A74729D006FA242 /* SearchBarView.swift */ = {isa = PBXFileReference; lastKnownFileType = sourcecode.swift; path = SearchBarView.swift; sourceTree = "<group>"; };
		3157FEC82A7484F5006FA242 /* PokemonRowView.swift */ = {isa = PBXFileReference; lastKnownFileType = sourcecode.swift; path = PokemonRowView.swift; sourceTree = "<group>"; };
		3157FECA2A749D01006FA242 /* Pokemon.swift */ = {isa = PBXFileReference; lastKnownFileType = sourcecode.swift; path = Pokemon.swift; sourceTree = "<group>"; };
		3157FECC2A74A20B006FA242 /* PokemonTypeView.swift */ = {isa = PBXFileReference; lastKnownFileType = sourcecode.swift; path = PokemonTypeView.swift; sourceTree = "<group>"; };
/* End PBXFileReference section */

/* Begin PBXFrameworksBuildPhase section */
		3157FEA72A74533B006FA242 /* Frameworks */ = {
			isa = PBXFrameworksBuildPhase;
			buildActionMask = 2147483647;
			files = (
			);
			runOnlyForDeploymentPostprocessing = 0;
		};
/* End PBXFrameworksBuildPhase section */

/* Begin PBXGroup section */
		3157FEA12A74533A006FA242 = {
			isa = PBXGroup;
			children = (
				3157FEAC2A74533B006FA242 /* pokeapp */,
				3157FEAB2A74533B006FA242 /* Products */,
			);
			sourceTree = "<group>";
		};
		3157FEAB2A74533B006FA242 /* Products */ = {
			isa = PBXGroup;
			children = (
				3157FEAA2A74533B006FA242 /* pokeapp.app */,
			);
			name = Products;
			sourceTree = "<group>";
		};
		3157FEAC2A74533B006FA242 /* pokeapp */ = {
			isa = PBXGroup;
			children = (
				3157FEC12A7469F6006FA242 /* Components */,
				3157FEBE2A7453F9006FA242 /* Utils */,
				3157FEBB2A74536C006FA242 /* Screens */,
				3157FEAD2A74533B006FA242 /* pokeappApp.swift */,
				3157FEAF2A74533B006FA242 /* ContentView.swift */,
				3157FEB12A74533C006FA242 /* Assets.xcassets */,
				3157FEB32A74533C006FA242 /* Preview Content */,
			);
			path = pokeapp;
			sourceTree = "<group>";
		};
		3157FEB32A74533C006FA242 /* Preview Content */ = {
			isa = PBXGroup;
			children = (
				3157FEB42A74533C006FA242 /* Preview Assets.xcassets */,
			);
			path = "Preview Content";
			sourceTree = "<group>";
		};
		3157FEBB2A74536C006FA242 /* Screens */ = {
			isa = PBXGroup;
			children = (
				3157FEBC2A74538E006FA242 /* SplashScreenView.swift */,
			);
			path = Screens;
			sourceTree = "<group>";
		};
		3157FEBE2A7453F9006FA242 /* Utils */ = {
			isa = PBXGroup;
			children = (
				3157FEBF2A745410006FA242 /* ColorExtension.swift */,
				3157FECA2A749D01006FA242 /* Pokemon.swift */,
			);
			path = Utils;
			sourceTree = "<group>";
		};
		3157FEC12A7469F6006FA242 /* Components */ = {
			isa = PBXGroup;
			children = (
				3157FEC22A746A1A006FA242 /* CustomBackgroundView.swift */,
				3157FEC42A746C37006FA242 /* HeaderView.swift */,
				3157FEC62A74729D006FA242 /* SearchBarView.swift */,
				3157FEC82A7484F5006FA242 /* PokemonRowView.swift */,
				3157FECC2A74A20B006FA242 /* PokemonTypeView.swift */,
			);
			path = Components;
			sourceTree = "<group>";
		};
/* End PBXGroup section */

/* Begin PBXNativeTarget section */
		3157FEA92A74533B006FA242 /* pokeapp */ = {
			isa = PBXNativeTarget;
			buildConfigurationList = 3157FEB82A74533C006FA242 /* Build configuration list for PBXNativeTarget "pokeapp" */;
			buildPhases = (
				3157FEA62A74533B006FA242 /* Sources */,
				3157FEA72A74533B006FA242 /* Frameworks */,
				3157FEA82A74533B006FA242 /* Resources */,
			);
			buildRules = (
			);
			dependencies = (
			);
			name = pokeapp;
			productName = pokeapp;
			productReference = 3157FEAA2A74533B006FA242 /* pokeapp.app */;
			productType = "com.apple.product-type.application";
		};
/* End PBXNativeTarget section */

/* Begin PBXProject section */
		3157FEA22A74533A006FA242 /* Project object */ = {
			isa = PBXProject;
			attributes = {
				BuildIndependentTargetsInParallel = 1;
				LastSwiftUpdateCheck = 1430;
				LastUpgradeCheck = 1430;
				TargetAttributes = {
					3157FEA92A74533B006FA242 = {
						CreatedOnToolsVersion = 14.3.1;
					};
				};
			};
			buildConfigurationList = 3157FEA52A74533A006FA242 /* Build configuration list for PBXProject "pokeapp" */;
			compatibilityVersion = "Xcode 14.0";
			developmentRegion = en;
			hasScannedForEncodings = 0;
			knownRegions = (
				en,
				Base,
			);
			mainGroup = 3157FEA12A74533A006FA242;
			productRefGroup = 3157FEAB2A74533B006FA242 /* Products */;
			projectDirPath = "";
			projectRoot = "";
			targets = (
				3157FEA92A74533B006FA242 /* pokeapp */,
			);
		};
/* End PBXProject section */

/* Begin PBXResourcesBuildPhase section */
		3157FEA82A74533B006FA242 /* Resources */ = {
			isa = PBXResourcesBuildPhase;
			buildActionMask = 2147483647;
			files = (
				3157FEB52A74533C006FA242 /* Preview Assets.xcassets in Resources */,
				3157FEB22A74533C006FA242 /* Assets.xcassets in Resources */,
			);
			runOnlyForDeploymentPostprocessing = 0;
		};
/* End PBXResourcesBuildPhase section */

/* Begin PBXSourcesBuildPhase section */
		3157FEA62A74533B006FA242 /* Sources */ = {
			isa = PBXSourcesBuildPhase;
			buildActionMask = 2147483647;
			files = (
				3157FEC32A746A1B006FA242 /* CustomBackgroundView.swift in Sources */,
				3157FEB02A74533B006FA242 /* ContentView.swift in Sources */,
				3157FEAE2A74533B006FA242 /* pokeappApp.swift in Sources */,
				3157FEC92A7484F5006FA242 /* PokemonRowView.swift in Sources */,
				3157FEC72A74729D006FA242 /* SearchBarView.swift in Sources */,
				3157FECB2A749D01006FA242 /* Pokemon.swift in Sources */,
				3157FEC02A745410006FA242 /* ColorExtension.swift in Sources */,
				3157FECD2A74A20B006FA242 /* PokemonTypeView.swift in Sources */,
				3157FEC52A746C37006FA242 /* HeaderView.swift in Sources */,
				3157FEBD2A74538E006FA242 /* SplashScreenView.swift in Sources */,
			);
			runOnlyForDeploymentPostprocessing = 0;
		};
/* End PBXSourcesBuildPhase section */

/* Begin XCBuildConfiguration section */
		3157FEB62A74533C006FA242 /* Debug */ = {
			isa = XCBuildConfiguration;
			buildSettings = {
				ALWAYS_SEARCH_USER_PATHS = NO;
				CLANG_ANALYZER_NONNULL = YES;
				CLANG_ANALYZER_NUMBER_OBJECT_CONVERSION = YES_AGGRESSIVE;
				CLANG_CXX_LANGUAGE_STANDARD = "gnu++20";
				CLANG_ENABLE_MODULES = YES;
				CLANG_ENABLE_OBJC_ARC = YES;
				CLANG_ENABLE_OBJC_WEAK = YES;
				CLANG_WARN_BLOCK_CAPTURE_AUTORELEASING = YES;
				CLANG_WARN_BOOL_CONVERSION = YES;
				CLANG_WARN_COMMA = YES;
				CLANG_WARN_CONSTANT_CONVERSION = YES;
				CLANG_WARN_DEPRECATED_OBJC_IMPLEMENTATIONS = YES;
				CLANG_WARN_DIRECT_OBJC_ISA_USAGE = YES_ERROR;
				CLANG_WARN_DOCUMENTATION_COMMENTS = YES;
				CLANG_WARN_EMPTY_BODY = YES;
				CLANG_WARN_ENUM_CONVERSION = YES;
				CLANG_WARN_INFINITE_RECURSION = YES;
				CLANG_WARN_INT_CONVERSION = YES;
				CLANG_WARN_NON_LITERAL_NULL_CONVERSION = YES;
				CLANG_WARN_OBJC_IMPLICIT_RETAIN_SELF = YES;
				CLANG_WARN_OBJC_LITERAL_CONVERSION = YES;
				CLANG_WARN_OBJC_ROOT_CLASS = YES_ERROR;
				CLANG_WARN_QUOTED_INCLUDE_IN_FRAMEWORK_HEADER = YES;
				CLANG_WARN_RANGE_LOOP_ANALYSIS = YES;
				CLANG_WARN_STRICT_PROTOTYPES = YES;
				CLANG_WARN_SUSPICIOUS_MOVE = YES;
				CLANG_WARN_UNGUARDED_AVAILABILITY = YES_AGGRESSIVE;
				CLANG_WARN_UNREACHABLE_CODE = YES;
				CLANG_WARN__DUPLICATE_METHOD_MATCH = YES;
				COPY_PHASE_STRIP = NO;
				DEBUG_INFORMATION_FORMAT = dwarf;
				ENABLE_STRICT_OBJC_MSGSEND = YES;
				ENABLE_TESTABILITY = YES;
				GCC_C_LANGUAGE_STANDARD = gnu11;
				GCC_DYNAMIC_NO_PIC = NO;
				GCC_NO_COMMON_BLOCKS = YES;
				GCC_OPTIMIZATION_LEVEL = 0;
				GCC_PREPROCESSOR_DEFINITIONS = (
					"DEBUG=1",
					"$(inherited)",
				);
				GCC_WARN_64_TO_32_BIT_CONVERSION = YES;
				GCC_WARN_ABOUT_RETURN_TYPE = YES_ERROR;
				GCC_WARN_UNDECLARED_SELECTOR = YES;
				GCC_WARN_UNINITIALIZED_AUTOS = YES_AGGRESSIVE;
				GCC_WARN_UNUSED_FUNCTION = YES;
				GCC_WARN_UNUSED_VARIABLE = YES;
				IPHONEOS_DEPLOYMENT_TARGET = 16.4;
				MTL_ENABLE_DEBUG_INFO = INCLUDE_SOURCE;
				MTL_FAST_MATH = YES;
				ONLY_ACTIVE_ARCH = YES;
				SDKROOT = iphoneos;
				SWIFT_ACTIVE_COMPILATION_CONDITIONS = DEBUG;
				SWIFT_OPTIMIZATION_LEVEL = "-Onone";
			};
			name = Debug;
		};
		3157FEB72A74533C006FA242 /* Release */ = {
			isa = XCBuildConfiguration;
			buildSettings = {
				ALWAYS_SEARCH_USER_PATHS = NO;
				CLANG_ANALYZER_NONNULL = YES;
				CLANG_ANALYZER_NUMBER_OBJECT_CONVERSION = YES_AGGRESSIVE;
				CLANG_CXX_LANGUAGE_STANDARD = "gnu++20";
				CLANG_ENABLE_MODULES = YES;
				CLANG_ENABLE_OBJC_ARC = YES;
				CLANG_ENABLE_OBJC_WEAK = YES;
				CLANG_WARN_BLOCK_CAPTURE_AUTORELEASING = YES;
				CLANG_WARN_BOOL_CONVERSION = YES;
				CLANG_WARN_COMMA = YES;
				CLANG_WARN_CONSTANT_CONVERSION = YES;
				CLANG_WARN_DEPRECATED_OBJC_IMPLEMENTATIONS = YES;
				CLANG_WARN_DIRECT_OBJC_ISA_USAGE = YES_ERROR;
				CLANG_WARN_DOCUMENTATION_COMMENTS = YES;
				CLANG_WARN_EMPTY_BODY = YES;
				CLANG_WARN_ENUM_CONVERSION = YES;
				CLANG_WARN_INFINITE_RECURSION = YES;
				CLANG_WARN_INT_CONVERSION = YES;
				CLANG_WARN_NON_LITERAL_NULL_CONVERSION = YES;
				CLANG_WARN_OBJC_IMPLICIT_RETAIN_SELF = YES;
				CLANG_WARN_OBJC_LITERAL_CONVERSION = YES;
				CLANG_WARN_OBJC_ROOT_CLASS = YES_ERROR;
				CLANG_WARN_QUOTED_INCLUDE_IN_FRAMEWORK_HEADER = YES;
				CLANG_WARN_RANGE_LOOP_ANALYSIS = YES;
				CLANG_WARN_STRICT_PROTOTYPES = YES;
				CLANG_WARN_SUSPICIOUS_MOVE = YES;
				CLANG_WARN_UNGUARDED_AVAILABILITY = YES_AGGRESSIVE;
				CLANG_WARN_UNREACHABLE_CODE = YES;
				CLANG_WARN__DUPLICATE_METHOD_MATCH = YES;
				COPY_PHASE_STRIP = NO;
				DEBUG_INFORMATION_FORMAT = "dwarf-with-dsym";
				ENABLE_NS_ASSERTIONS = NO;
				ENABLE_STRICT_OBJC_MSGSEND = YES;
				GCC_C_LANGUAGE_STANDARD = gnu11;
				GCC_NO_COMMON_BLOCKS = YES;
				GCC_WARN_64_TO_32_BIT_CONVERSION = YES;
				GCC_WARN_ABOUT_RETURN_TYPE = YES_ERROR;
				GCC_WARN_UNDECLARED_SELECTOR = YES;
				GCC_WARN_UNINITIALIZED_AUTOS = YES_AGGRESSIVE;
				GCC_WARN_UNUSED_FUNCTION = YES;
				GCC_WARN_UNUSED_VARIABLE = YES;
				IPHONEOS_DEPLOYMENT_TARGET = 16.4;
				MTL_ENABLE_DEBUG_INFO = NO;
				MTL_FAST_MATH = YES;
				SDKROOT = iphoneos;
				SWIFT_COMPILATION_MODE = wholemodule;
				SWIFT_OPTIMIZATION_LEVEL = "-O";
				VALIDATE_PRODUCT = YES;
			};
			name = Release;
		};
		3157FEB92A74533C006FA242 /* Debug */ = {
			isa = XCBuildConfiguration;
			buildSettings = {
				ASSETCATALOG_COMPILER_APPICON_NAME = AppIcon;
				ASSETCATALOG_COMPILER_GLOBAL_ACCENT_COLOR_NAME = AccentColor;
				CODE_SIGN_STYLE = Automatic;
				CURRENT_PROJECT_VERSION = 1;
				DEVELOPMENT_ASSET_PATHS = "\"pokeapp/Preview Content\"";
				DEVELOPMENT_TEAM = 67LQ3RK437;
				ENABLE_PREVIEWS = YES;
				GENERATE_INFOPLIST_FILE = YES;
				INFOPLIST_KEY_UIApplicationSceneManifest_Generation = YES;
				INFOPLIST_KEY_UIApplicationSupportsIndirectInputEvents = YES;
				INFOPLIST_KEY_UILaunchScreen_Generation = YES;
				INFOPLIST_KEY_UISupportedInterfaceOrientations_iPad = "UIInterfaceOrientationPortrait UIInterfaceOrientationPortraitUpsideDown UIInterfaceOrientationLandscapeLeft UIInterfaceOrientationLandscapeRight";
				INFOPLIST_KEY_UISupportedInterfaceOrientations_iPhone = "UIInterfaceOrientationPortrait UIInterfaceOrientationLandscapeLeft UIInterfaceOrientationLandscapeRight";
				LD_RUNPATH_SEARCH_PATHS = (
					"$(inherited)",
					"@executable_path/Frameworks",
				);
				MARKETING_VERSION = 1.0;
				PRODUCT_BUNDLE_IDENTIFIER = edma.pokeapp;
				PRODUCT_NAME = "$(TARGET_NAME)";
				SWIFT_EMIT_LOC_STRINGS = YES;
				SWIFT_VERSION = 5.0;
				TARGETED_DEVICE_FAMILY = "1,2";
			};
			name = Debug;
		};
		3157FEBA2A74533C006FA242 /* Release */ = {
			isa = XCBuildConfiguration;
			buildSettings = {
				ASSETCATALOG_COMPILER_APPICON_NAME = AppIcon;
				ASSETCATALOG_COMPILER_GLOBAL_ACCENT_COLOR_NAME = AccentColor;
				CODE_SIGN_STYLE = Automatic;
				CURRENT_PROJECT_VERSION = 1;
				DEVELOPMENT_ASSET_PATHS = "\"pokeapp/Preview Content\"";
				DEVELOPMENT_TEAM = 67LQ3RK437;
				ENABLE_PREVIEWS = YES;
				GENERATE_INFOPLIST_FILE = YES;
				INFOPLIST_KEY_UIApplicationSceneManifest_Generation = YES;
				INFOPLIST_KEY_UIApplicationSupportsIndirectInputEvents = YES;
				INFOPLIST_KEY_UILaunchScreen_Generation = YES;
				INFOPLIST_KEY_UISupportedInterfaceOrientations_iPad = "UIInterfaceOrientationPortrait UIInterfaceOrientationPortraitUpsideDown UIInterfaceOrientationLandscapeLeft UIInterfaceOrientationLandscapeRight";
				INFOPLIST_KEY_UISupportedInterfaceOrientations_iPhone = "UIInterfaceOrientationPortrait UIInterfaceOrientationLandscapeLeft UIInterfaceOrientationLandscapeRight";
				LD_RUNPATH_SEARCH_PATHS = (
					"$(inherited)",
					"@executable_path/Frameworks",
				);
				MARKETING_VERSION = 1.0;
				PRODUCT_BUNDLE_IDENTIFIER = edma.pokeapp;
				PRODUCT_NAME = "$(TARGET_NAME)";
				SWIFT_EMIT_LOC_STRINGS = YES;
				SWIFT_VERSION = 5.0;
				TARGETED_DEVICE_FAMILY = "1,2";
			};
			name = Release;
		};
/* End XCBuildConfiguration section */

/* Begin XCConfigurationList section */
		3157FEA52A74533A006FA242 /* Build configuration list for PBXProject "pokeapp" */ = {
			isa = XCConfigurationList;
			buildConfigurations = (
				3157FEB62A74533C006FA242 /* Debug */,
				3157FEB72A74533C006FA242 /* Release */,
			);
			defaultConfigurationIsVisible = 0;
			defaultConfigurationName = Release;
		};
		3157FEB82A74533C006FA242 /* Build configuration list for PBXNativeTarget "pokeapp" */ = {
			isa = XCConfigurationList;
			buildConfigurations = (
				3157FEB92A74533C006FA242 /* Debug */,
				3157FEBA2A74533C006FA242 /* Release */,
			);
			defaultConfigurationIsVisible = 0;
			defaultConfigurationName = Release;
		};
/* End XCConfigurationList section */
	};
	rootObject = 3157FEA22A74533A006FA242 /* Project object */;
}
