// !$*UTF8*$!
{
	archiveVersion = 1;
	classes = {
	};
	objectVersion = 56;
	objects = {

/* Begin PBXBuildFile section */
		311BACFB2A82F1C700FA73FA /* CustomImageView.swift in Sources */ = {isa = PBXBuildFile; fileRef = 311BACFA2A82F1C700FA73FA /* CustomImageView.swift */; };
		311BACFD2A82F4BF00FA73FA /* PokemonDataExamples.swift in Sources */ = {isa = PBXBuildFile; fileRef = 311BACFC2A82F4BF00FA73FA /* PokemonDataExamples.swift */; };
		311BACFF2A83FB9000FA73FA /* PokemonWeaknessView.swift in Sources */ = {isa = PBXBuildFile; fileRef = 311BACFE2A83FB9000FA73FA /* PokemonWeaknessView.swift */; };
		311BAD012A83FF0900FA73FA /* WeaknessesTableView.swift in Sources */ = {isa = PBXBuildFile; fileRef = 311BAD002A83FF0900FA73FA /* WeaknessesTableView.swift */; };
		311BAD032A8403DA00FA73FA /* PokemonTypes.swift in Sources */ = {isa = PBXBuildFile; fileRef = 311BAD022A8403DA00FA73FA /* PokemonTypes.swift */; };
		311BAD052A84045000FA73FA /* PokemonStats.swift in Sources */ = {isa = PBXBuildFile; fileRef = 311BAD042A84045000FA73FA /* PokemonStats.swift */; };
		3157FEAE2A74533B006FA242 /* pokeappApp.swift in Sources */ = {isa = PBXBuildFile; fileRef = 3157FEAD2A74533B006FA242 /* pokeappApp.swift */; };
		3157FEB02A74533B006FA242 /* ContentView.swift in Sources */ = {isa = PBXBuildFile; fileRef = 3157FEAF2A74533B006FA242 /* ContentView.swift */; };
		3157FEB22A74533C006FA242 /* Assets.xcassets in Resources */ = {isa = PBXBuildFile; fileRef = 3157FEB12A74533C006FA242 /* Assets.xcassets */; };
		3157FEB52A74533C006FA242 /* Preview Assets.xcassets in Resources */ = {isa = PBXBuildFile; fileRef = 3157FEB42A74533C006FA242 /* Preview Assets.xcassets */; };
		3157FEBD2A74538E006FA242 /* SplashScreenView.swift in Sources */ = {isa = PBXBuildFile; fileRef = 3157FEBC2A74538E006FA242 /* SplashScreenView.swift */; };
		3157FEC02A745410006FA242 /* ColorExtension.swift in Sources */ = {isa = PBXBuildFile; fileRef = 3157FEBF2A745410006FA242 /* ColorExtension.swift */; };
		3157FEC32A746A1B006FA242 /* CustomBackgroundView.swift in Sources */ = {isa = PBXBuildFile; fileRef = 3157FEC22A746A1A006FA242 /* CustomBackgroundView.swift */; };
		3157FEC52A746C37006FA242 /* HeaderView.swift in Sources */ = {isa = PBXBuildFile; fileRef = 3157FEC42A746C37006FA242 /* HeaderView.swift */; };
		3157FEC72A74729D006FA242 /* SearchBarView.swift in Sources */ = {isa = PBXBuildFile; fileRef = 3157FEC62A74729D006FA242 /* SearchBarView.swift */; };
		3157FEC92A7484F5006FA242 /* PokemonRowView.swift in Sources */ = {isa = PBXBuildFile; fileRef = 3157FEC82A7484F5006FA242 /* PokemonRowView.swift */; };
		3157FECB2A749D01006FA242 /* Pokemon.swift in Sources */ = {isa = PBXBuildFile; fileRef = 3157FECA2A749D01006FA242 /* Pokemon.swift */; };
		3157FECD2A74A20B006FA242 /* PokemonTypeView.swift in Sources */ = {isa = PBXBuildFile; fileRef = 3157FECC2A74A20B006FA242 /* PokemonTypeView.swift */; };
		316FB6FC2A81B3200025D938 /* PokemonStatsView.swift in Sources */ = {isa = PBXBuildFile; fileRef = 316FB6FB2A81B3200025D938 /* PokemonStatsView.swift */; };
		316FB6FE2A81BD080025D938 /* CustomLinearProgressView.swift in Sources */ = {isa = PBXBuildFile; fileRef = 316FB6FD2A81BD080025D938 /* CustomLinearProgressView.swift */; };
		316FB7002A81CBA70025D938 /* PokemonStatView.swift in Sources */ = {isa = PBXBuildFile; fileRef = 316FB6FF2A81CBA70025D938 /* PokemonStatView.swift */; };
		31F197262A8DDC0A00B8C10E /* PokemonAPI in Frameworks */ = {isa = PBXBuildFile; productRef = 31F197252A8DDC0A00B8C10E /* PokemonAPI */; };
		31F197292A8DDC9300B8C10E /* Transmission in Frameworks */ = {isa = PBXBuildFile; productRef = 31F197282A8DDC9300B8C10E /* Transmission */; };
		31F1D5062A75B8CD00E908F4 /* PokemonScreenView.swift in Sources */ = {isa = PBXBuildFile; fileRef = 31F1D5052A75B8CD00E908F4 /* PokemonScreenView.swift */; };
		31F1D5082A76C7E400E908F4 /* CustomTabView.swift in Sources */ = {isa = PBXBuildFile; fileRef = 31F1D5072A76C7E400E908F4 /* CustomTabView.swift */; };
		31F1D50A2A76C86B00E908F4 /* CustomTabItem.swift in Sources */ = {isa = PBXBuildFile; fileRef = 31F1D5092A76C86B00E908F4 /* CustomTabItem.swift */; };
		31F1D50C2A79FA4000E908F4 /* PokemonDetailsScreenView.swift in Sources */ = {isa = PBXBuildFile; fileRef = 31F1D50B2A79FA4000E908F4 /* PokemonDetailsScreenView.swift */; };
		31F1D5122A7A8BA000E908F4 /* CustomTabItemView.swift in Sources */ = {isa = PBXBuildFile; fileRef = 31F1D5112A7A8BA000E908F4 /* CustomTabItemView.swift */; };
		31F1D5142A7C4E8200E908F4 /* TabViewIndex.swift in Sources */ = {isa = PBXBuildFile; fileRef = 31F1D5132A7C4E8200E908F4 /* TabViewIndex.swift */; };
		31F1D51B2A7FF9E600E908F4 /* SectionTabView.swift in Sources */ = {isa = PBXBuildFile; fileRef = 31F1D51A2A7FF9E500E908F4 /* SectionTabView.swift */; };
/* End PBXBuildFile section */

/* Begin PBXFileReference section */
		311BACFA2A82F1C700FA73FA /* CustomImageView.swift */ = {isa = PBXFileReference; lastKnownFileType = sourcecode.swift; path = CustomImageView.swift; sourceTree = "<group>"; };
		311BACFC2A82F4BF00FA73FA /* PokemonDataExamples.swift */ = {isa = PBXFileReference; lastKnownFileType = sourcecode.swift; path = PokemonDataExamples.swift; sourceTree = "<group>"; };
		311BACFE2A83FB9000FA73FA /* PokemonWeaknessView.swift */ = {isa = PBXFileReference; lastKnownFileType = sourcecode.swift; path = PokemonWeaknessView.swift; sourceTree = "<group>"; };
		311BAD002A83FF0900FA73FA /* WeaknessesTableView.swift */ = {isa = PBXFileReference; lastKnownFileType = sourcecode.swift; path = WeaknessesTableView.swift; sourceTree = "<group>"; };
		311BAD022A8403DA00FA73FA /* PokemonTypes.swift */ = {isa = PBXFileReference; lastKnownFileType = sourcecode.swift; path = PokemonTypes.swift; sourceTree = "<group>"; };
		311BAD042A84045000FA73FA /* PokemonStats.swift */ = {isa = PBXFileReference; lastKnownFileType = sourcecode.swift; path = PokemonStats.swift; sourceTree = "<group>"; };
		3157FEAA2A74533B006FA242 /* pokeapp.app */ = {isa = PBXFileReference; explicitFileType = wrapper.application; includeInIndex = 0; path = pokeapp.app; sourceTree = BUILT_PRODUCTS_DIR; };
		3157FEAD2A74533B006FA242 /* pokeappApp.swift */ = {isa = PBXFileReference; lastKnownFileType = sourcecode.swift; path = pokeappApp.swift; sourceTree = "<group>"; };
		3157FEAF2A74533B006FA242 /* ContentView.swift */ = {isa = PBXFileReference; lastKnownFileType = sourcecode.swift; path = ContentView.swift; sourceTree = "<group>"; };
		3157FEB12A74533C006FA242 /* Assets.xcassets */ = {isa = PBXFileReference; lastKnownFileType = folder.assetcatalog; path = Assets.xcassets; sourceTree = "<group>"; };
		3157FEB42A74533C006FA242 /* Preview Assets.xcassets */ = {isa = PBXFileReference; lastKnownFileType = folder.assetcatalog; path = "Preview Assets.xcassets"; sourceTree = "<group>"; };
		3157FEBC2A74538E006FA242 /* SplashScreenView.swift */ = {isa = PBXFileReference; lastKnownFileType = sourcecode.swift; path = SplashScreenView.swift; sourceTree = "<group>"; };
		3157FEBF2A745410006FA242 /* ColorExtension.swift */ = {isa = PBXFileReference; lastKnownFileType = sourcecode.swift; path = ColorExtension.swift; sourceTree = "<group>"; };
		3157FEC22A746A1A006FA242 /* CustomBackgroundView.swift */ = {isa = PBXFileReference; lastKnownFileType = sourcecode.swift; path = CustomBackgroundView.swift; sourceTree = "<group>"; };
		3157FEC42A746C37006FA242 /* HeaderView.swift */ = {isa = PBXFileReference; lastKnownFileType = sourcecode.swift; path = HeaderView.swift; sourceTree = "<group>"; };
		3157FEC62A74729D006FA242 /* SearchBarView.swift */ = {isa = PBXFileReference; lastKnownFileType = sourcecode.swift; path = SearchBarView.swift; sourceTree = "<group>"; };
		3157FEC82A7484F5006FA242 /* PokemonRowView.swift */ = {isa = PBXFileReference; lastKnownFileType = sourcecode.swift; path = PokemonRowView.swift; sourceTree = "<group>"; };
		3157FECA2A749D01006FA242 /* Pokemon.swift */ = {isa = PBXFileReference; lastKnownFileType = sourcecode.swift; path = Pokemon.swift; sourceTree = "<group>"; };
		3157FECC2A74A20B006FA242 /* PokemonTypeView.swift */ = {isa = PBXFileReference; lastKnownFileType = sourcecode.swift; path = PokemonTypeView.swift; sourceTree = "<group>"; };
		316FB6FB2A81B3200025D938 /* PokemonStatsView.swift */ = {isa = PBXFileReference; lastKnownFileType = sourcecode.swift; path = PokemonStatsView.swift; sourceTree = "<group>"; };
		316FB6FD2A81BD080025D938 /* CustomLinearProgressView.swift */ = {isa = PBXFileReference; lastKnownFileType = sourcecode.swift; path = CustomLinearProgressView.swift; sourceTree = "<group>"; };
		316FB6FF2A81CBA70025D938 /* PokemonStatView.swift */ = {isa = PBXFileReference; lastKnownFileType = sourcecode.swift; path = PokemonStatView.swift; sourceTree = "<group>"; };
		316FB7012A81DBDF0025D938 /* Info.plist */ = {isa = PBXFileReference; lastKnownFileType = text.plist; path = Info.plist; sourceTree = "<group>"; };
		31F1D5052A75B8CD00E908F4 /* PokemonScreenView.swift */ = {isa = PBXFileReference; lastKnownFileType = sourcecode.swift; path = PokemonScreenView.swift; sourceTree = "<group>"; };
		31F1D5072A76C7E400E908F4 /* CustomTabView.swift */ = {isa = PBXFileReference; lastKnownFileType = sourcecode.swift; path = CustomTabView.swift; sourceTree = "<group>"; };
		31F1D5092A76C86B00E908F4 /* CustomTabItem.swift */ = {isa = PBXFileReference; lastKnownFileType = sourcecode.swift; path = CustomTabItem.swift; sourceTree = "<group>"; };
		31F1D50B2A79FA4000E908F4 /* PokemonDetailsScreenView.swift */ = {isa = PBXFileReference; lastKnownFileType = sourcecode.swift; path = PokemonDetailsScreenView.swift; sourceTree = "<group>"; };
		31F1D5112A7A8BA000E908F4 /* CustomTabItemView.swift */ = {isa = PBXFileReference; lastKnownFileType = sourcecode.swift; path = CustomTabItemView.swift; sourceTree = "<group>"; };
		31F1D5132A7C4E8200E908F4 /* TabViewIndex.swift */ = {isa = PBXFileReference; lastKnownFileType = sourcecode.swift; path = TabViewIndex.swift; sourceTree = "<group>"; };
		31F1D51A2A7FF9E500E908F4 /* SectionTabView.swift */ = {isa = PBXFileReference; lastKnownFileType = sourcecode.swift; path = SectionTabView.swift; sourceTree = "<group>"; };
/* End PBXFileReference section */

/* Begin PBXFrameworksBuildPhase section */
		3157FEA72A74533B006FA242 /* Frameworks */ = {
			isa = PBXFrameworksBuildPhase;
			buildActionMask = 2147483647;
			files = (
				31F197292A8DDC9300B8C10E /* Transmission in Frameworks */,
				31F197262A8DDC0A00B8C10E /* PokemonAPI in Frameworks */,
			);
			runOnlyForDeploymentPostprocessing = 0;
		};
/* End PBXFrameworksBuildPhase section */

/* Begin PBXGroup section */
		3157FEA12A74533A006FA242 = {
			isa = PBXGroup;
			children = (
				3157FEAC2A74533B006FA242 /* pokeapp */,
				3157FEAB2A74533B006FA242 /* Products */,
			);
			sourceTree = "<group>";
		};
		3157FEAB2A74533B006FA242 /* Products */ = {
			isa = PBXGroup;
			children = (
				3157FEAA2A74533B006FA242 /* pokeapp.app */,
			);
			name = Products;
			sourceTree = "<group>";
		};
		3157FEAC2A74533B006FA242 /* pokeapp */ = {
			isa = PBXGroup;
			children = (
				316FB7012A81DBDF0025D938 /* Info.plist */,
				3157FEC12A7469F6006FA242 /* Components */,
				3157FEBE2A7453F9006FA242 /* Utils */,
				3157FEBB2A74536C006FA242 /* Screens */,
				3157FEAD2A74533B006FA242 /* pokeappApp.swift */,
				3157FEAF2A74533B006FA242 /* ContentView.swift */,
				3157FEB12A74533C006FA242 /* Assets.xcassets */,
				3157FEB32A74533C006FA242 /* Preview Content */,
			);
			path = pokeapp;
			sourceTree = "<group>";
		};
		3157FEB32A74533C006FA242 /* Preview Content */ = {
			isa = PBXGroup;
			children = (
				3157FEB42A74533C006FA242 /* Preview Assets.xcassets */,
			);
			path = "Preview Content";
			sourceTree = "<group>";
		};
		3157FEBB2A74536C006FA242 /* Screens */ = {
			isa = PBXGroup;
			children = (
				3157FEBC2A74538E006FA242 /* SplashScreenView.swift */,
				31F1D5052A75B8CD00E908F4 /* PokemonScreenView.swift */,
				31F1D50B2A79FA4000E908F4 /* PokemonDetailsScreenView.swift */,
			);
			path = Screens;
			sourceTree = "<group>";
		};
		3157FEBE2A7453F9006FA242 /* Utils */ = {
			isa = PBXGroup;
			children = (
				3157FEBF2A745410006FA242 /* ColorExtension.swift */,
				3157FECA2A749D01006FA242 /* Pokemon.swift */,
				31F1D5092A76C86B00E908F4 /* CustomTabItem.swift */,
				31F1D5132A7C4E8200E908F4 /* TabViewIndex.swift */,
				311BACFC2A82F4BF00FA73FA /* PokemonDataExamples.swift */,
				311BAD022A8403DA00FA73FA /* PokemonTypes.swift */,
				311BAD042A84045000FA73FA /* PokemonStats.swift */,
			);
			path = Utils;
			sourceTree = "<group>";
		};
		3157FEC12A7469F6006FA242 /* Components */ = {
			isa = PBXGroup;
			children = (
				3157FEC22A746A1A006FA242 /* CustomBackgroundView.swift */,
				3157FEC42A746C37006FA242 /* HeaderView.swift */,
				3157FEC62A74729D006FA242 /* SearchBarView.swift */,
				3157FEC82A7484F5006FA242 /* PokemonRowView.swift */,
				3157FECC2A74A20B006FA242 /* PokemonTypeView.swift */,
				31F1D5072A76C7E400E908F4 /* CustomTabView.swift */,
				31F1D5112A7A8BA000E908F4 /* CustomTabItemView.swift */,
				31F1D51A2A7FF9E500E908F4 /* SectionTabView.swift */,
				316FB6FB2A81B3200025D938 /* PokemonStatsView.swift */,
				316FB6FD2A81BD080025D938 /* CustomLinearProgressView.swift */,
				316FB6FF2A81CBA70025D938 /* PokemonStatView.swift */,
				311BACFA2A82F1C700FA73FA /* CustomImageView.swift */,
				311BACFE2A83FB9000FA73FA /* PokemonWeaknessView.swift */,
				311BAD002A83FF0900FA73FA /* WeaknessesTableView.swift */,
			);
			path = Components;
			sourceTree = "<group>";
		};
/* End PBXGroup section */

/* Begin PBXNativeTarget section */
		3157FEA92A74533B006FA242 /* pokeapp */ = {
			isa = PBXNativeTarget;
			buildConfigurationList = 3157FEB82A74533C006FA242 /* Build configuration list for PBXNativeTarget "pokeapp" */;
			buildPhases = (
				3157FEA62A74533B006FA242 /* Sources */,
				3157FEA72A74533B006FA242 /* Frameworks */,
				3157FEA82A74533B006FA242 /* Resources */,
			);
			buildRules = (
			);
			dependencies = (
			);
			name = pokeapp;
			packageProductDependencies = (
				31F197252A8DDC0A00B8C10E /* PokemonAPI */,
				31F197282A8DDC9300B8C10E /* Transmission */,
			);
			productName = pokeapp;
			productReference = 3157FEAA2A74533B006FA242 /* pokeapp.app */;
			productType = "com.apple.product-type.application";
		};
/* End PBXNativeTarget section */

/* Begin PBXProject section */
		3157FEA22A74533A006FA242 /* Project object */ = {
			isa = PBXProject;
			attributes = {
				BuildIndependentTargetsInParallel = 1;
				LastSwiftUpdateCheck = 1430;
				LastUpgradeCheck = 1430;
				TargetAttributes = {
					3157FEA92A74533B006FA242 = {
						CreatedOnToolsVersion = 14.3.1;
					};
				};
			};
			buildConfigurationList = 3157FEA52A74533A006FA242 /* Build configuration list for PBXProject "pokeapp" */;
			compatibilityVersion = "Xcode 14.0";
			developmentRegion = en;
			hasScannedForEncodings = 0;
			knownRegions = (
				en,
				Base,
			);
			mainGroup = 3157FEA12A74533A006FA242;
			packageReferences = (
				31F197242A8DDC0A00B8C10E /* XCRemoteSwiftPackageReference "PokemonAPI" */,
				31F197272A8DDC9300B8C10E /* XCRemoteSwiftPackageReference "Transmission" */,
			);
			productRefGroup = 3157FEAB2A74533B006FA242 /* Products */;
			projectDirPath = "";
			projectRoot = "";
			targets = (
				3157FEA92A74533B006FA242 /* pokeapp */,
			);
		};
/* End PBXProject section */

/* Begin PBXResourcesBuildPhase section */
		3157FEA82A74533B006FA242 /* Resources */ = {
			isa = PBXResourcesBuildPhase;
			buildActionMask = 2147483647;
			files = (
				3157FEB52A74533C006FA242 /* Preview Assets.xcassets in Resources */,
				3157FEB22A74533C006FA242 /* Assets.xcassets in Resources */,
			);
			runOnlyForDeploymentPostprocessing = 0;
		};
/* End PBXResourcesBuildPhase section */

/* Begin PBXSourcesBuildPhase section */
		3157FEA62A74533B006FA242 /* Sources */ = {
			isa = PBXSourcesBuildPhase;
			buildActionMask = 2147483647;
			files = (
				316FB7002A81CBA70025D938 /* PokemonStatView.swift in Sources */,
				3157FEC32A746A1B006FA242 /* CustomBackgroundView.swift in Sources */,
				31F1D50A2A76C86B00E908F4 /* CustomTabItem.swift in Sources */,
				3157FEB02A74533B006FA242 /* ContentView.swift in Sources */,
				31F1D5062A75B8CD00E908F4 /* PokemonScreenView.swift in Sources */,
				31F1D5142A7C4E8200E908F4 /* TabViewIndex.swift in Sources */,
				311BACFB2A82F1C700FA73FA /* CustomImageView.swift in Sources */,
				31F1D5082A76C7E400E908F4 /* CustomTabView.swift in Sources */,
				3157FEAE2A74533B006FA242 /* pokeappApp.swift in Sources */,
				3157FEC92A7484F5006FA242 /* PokemonRowView.swift in Sources */,
				31F1D5122A7A8BA000E908F4 /* CustomTabItemView.swift in Sources */,
				311BAD052A84045000FA73FA /* PokemonStats.swift in Sources */,
				3157FEC72A74729D006FA242 /* SearchBarView.swift in Sources */,
				316FB6FE2A81BD080025D938 /* CustomLinearProgressView.swift in Sources */,
				3157FECB2A749D01006FA242 /* Pokemon.swift in Sources */,
				316FB6FC2A81B3200025D938 /* PokemonStatsView.swift in Sources */,
				3157FEC02A745410006FA242 /* ColorExtension.swift in Sources */,
				311BAD032A8403DA00FA73FA /* PokemonTypes.swift in Sources */,
				311BAD012A83FF0900FA73FA /* WeaknessesTableView.swift in Sources */,
				3157FECD2A74A20B006FA242 /* PokemonTypeView.swift in Sources */,
				311BACFD2A82F4BF00FA73FA /* PokemonDataExamples.swift in Sources */,
				31F1D51B2A7FF9E600E908F4 /* SectionTabView.swift in Sources */,
				31F1D50C2A79FA4000E908F4 /* PokemonDetailsScreenView.swift in Sources */,
				311BACFF2A83FB9000FA73FA /* PokemonWeaknessView.swift in Sources */,
				3157FEC52A746C37006FA242 /* HeaderView.swift in Sources */,
				3157FEBD2A74538E006FA242 /* SplashScreenView.swift in Sources */,
			);
			runOnlyForDeploymentPostprocessing = 0;
		};
/* End PBXSourcesBuildPhase section */

/* Begin XCBuildConfiguration section */
		3157FEB62A74533C006FA242 /* Debug */ = {
			isa = XCBuildConfiguration;
			buildSettings = {
				ALWAYS_SEARCH_USER_PATHS = NO;
				CLANG_ANALYZER_NONNULL = YES;
				CLANG_ANALYZER_NUMBER_OBJECT_CONVERSION = YES_AGGRESSIVE;
				CLANG_CXX_LANGUAGE_STANDARD = "gnu++20";
				CLANG_ENABLE_MODULES = YES;
				CLANG_ENABLE_OBJC_ARC = YES;
				CLANG_ENABLE_OBJC_WEAK = YES;
				CLANG_WARN_BLOCK_CAPTURE_AUTORELEASING = YES;
				CLANG_WARN_BOOL_CONVERSION = YES;
				CLANG_WARN_COMMA = YES;
				CLANG_WARN_CONSTANT_CONVERSION = YES;
				CLANG_WARN_DEPRECATED_OBJC_IMPLEMENTATIONS = YES;
				CLANG_WARN_DIRECT_OBJC_ISA_USAGE = YES_ERROR;
				CLANG_WARN_DOCUMENTATION_COMMENTS = YES;
				CLANG_WARN_EMPTY_BODY = YES;
				CLANG_WARN_ENUM_CONVERSION = YES;
				CLANG_WARN_INFINITE_RECURSION = YES;
				CLANG_WARN_INT_CONVERSION = YES;
				CLANG_WARN_NON_LITERAL_NULL_CONVERSION = YES;
				CLANG_WARN_OBJC_IMPLICIT_RETAIN_SELF = YES;
				CLANG_WARN_OBJC_LITERAL_CONVERSION = YES;
				CLANG_WARN_OBJC_ROOT_CLASS = YES_ERROR;
				CLANG_WARN_QUOTED_INCLUDE_IN_FRAMEWORK_HEADER = YES;
				CLANG_WARN_RANGE_LOOP_ANALYSIS = YES;
				CLANG_WARN_STRICT_PROTOTYPES = YES;
				CLANG_WARN_SUSPICIOUS_MOVE = YES;
				CLANG_WARN_UNGUARDED_AVAILABILITY = YES_AGGRESSIVE;
				CLANG_WARN_UNREACHABLE_CODE = YES;
				CLANG_WARN__DUPLICATE_METHOD_MATCH = YES;
				COPY_PHASE_STRIP = NO;
				DEBUG_INFORMATION_FORMAT = dwarf;
				ENABLE_STRICT_OBJC_MSGSEND = YES;
				ENABLE_TESTABILITY = YES;
				GCC_C_LANGUAGE_STANDARD = gnu11;
				GCC_DYNAMIC_NO_PIC = NO;
				GCC_NO_COMMON_BLOCKS = YES;
				GCC_OPTIMIZATION_LEVEL = 0;
				GCC_PREPROCESSOR_DEFINITIONS = (
					"DEBUG=1",
					"$(inherited)",
				);
				GCC_WARN_64_TO_32_BIT_CONVERSION = YES;
				GCC_WARN_ABOUT_RETURN_TYPE = YES_ERROR;
				GCC_WARN_UNDECLARED_SELECTOR = YES;
				GCC_WARN_UNINITIALIZED_AUTOS = YES_AGGRESSIVE;
				GCC_WARN_UNUSED_FUNCTION = YES;
				GCC_WARN_UNUSED_VARIABLE = YES;
				IPHONEOS_DEPLOYMENT_TARGET = 16.4;
				MTL_ENABLE_DEBUG_INFO = INCLUDE_SOURCE;
				MTL_FAST_MATH = YES;
				ONLY_ACTIVE_ARCH = YES;
				SDKROOT = iphoneos;
				SWIFT_ACTIVE_COMPILATION_CONDITIONS = DEBUG;
				SWIFT_OPTIMIZATION_LEVEL = "-Onone";
			};
			name = Debug;
		};
		3157FEB72A74533C006FA242 /* Release */ = {
			isa = XCBuildConfiguration;
			buildSettings = {
				ALWAYS_SEARCH_USER_PATHS = NO;
				CLANG_ANALYZER_NONNULL = YES;
				CLANG_ANALYZER_NUMBER_OBJECT_CONVERSION = YES_AGGRESSIVE;
				CLANG_CXX_LANGUAGE_STANDARD = "gnu++20";
				CLANG_ENABLE_MODULES = YES;
				CLANG_ENABLE_OBJC_ARC = YES;
				CLANG_ENABLE_OBJC_WEAK = YES;
				CLANG_WARN_BLOCK_CAPTURE_AUTORELEASING = YES;
				CLANG_WARN_BOOL_CONVERSION = YES;
				CLANG_WARN_COMMA = YES;
				CLANG_WARN_CONSTANT_CONVERSION = YES;
				CLANG_WARN_DEPRECATED_OBJC_IMPLEMENTATIONS = YES;
				CLANG_WARN_DIRECT_OBJC_ISA_USAGE = YES_ERROR;
				CLANG_WARN_DOCUMENTATION_COMMENTS = YES;
				CLANG_WARN_EMPTY_BODY = YES;
				CLANG_WARN_ENUM_CONVERSION = YES;
				CLANG_WARN_INFINITE_RECURSION = YES;
				CLANG_WARN_INT_CONVERSION = YES;
				CLANG_WARN_NON_LITERAL_NULL_CONVERSION = YES;
				CLANG_WARN_OBJC_IMPLICIT_RETAIN_SELF = YES;
				CLANG_WARN_OBJC_LITERAL_CONVERSION = YES;
				CLANG_WARN_OBJC_ROOT_CLASS = YES_ERROR;
				CLANG_WARN_QUOTED_INCLUDE_IN_FRAMEWORK_HEADER = YES;
				CLANG_WARN_RANGE_LOOP_ANALYSIS = YES;
				CLANG_WARN_STRICT_PROTOTYPES = YES;
				CLANG_WARN_SUSPICIOUS_MOVE = YES;
				CLANG_WARN_UNGUARDED_AVAILABILITY = YES_AGGRESSIVE;
				CLANG_WARN_UNREACHABLE_CODE = YES;
				CLANG_WARN__DUPLICATE_METHOD_MATCH = YES;
				COPY_PHASE_STRIP = NO;
				DEBUG_INFORMATION_FORMAT = "dwarf-with-dsym";
				ENABLE_NS_ASSERTIONS = NO;
				ENABLE_STRICT_OBJC_MSGSEND = YES;
				GCC_C_LANGUAGE_STANDARD = gnu11;
				GCC_NO_COMMON_BLOCKS = YES;
				GCC_WARN_64_TO_32_BIT_CONVERSION = YES;
				GCC_WARN_ABOUT_RETURN_TYPE = YES_ERROR;
				GCC_WARN_UNDECLARED_SELECTOR = YES;
				GCC_WARN_UNINITIALIZED_AUTOS = YES_AGGRESSIVE;
				GCC_WARN_UNUSED_FUNCTION = YES;
				GCC_WARN_UNUSED_VARIABLE = YES;
				IPHONEOS_DEPLOYMENT_TARGET = 16.4;
				MTL_ENABLE_DEBUG_INFO = NO;
				MTL_FAST_MATH = YES;
				SDKROOT = iphoneos;
				SWIFT_COMPILATION_MODE = wholemodule;
				SWIFT_OPTIMIZATION_LEVEL = "-O";
				VALIDATE_PRODUCT = YES;
			};
			name = Release;
		};
		3157FEB92A74533C006FA242 /* Debug */ = {
			isa = XCBuildConfiguration;
			buildSettings = {
				ASSETCATALOG_COMPILER_APPICON_NAME = AppIcon;
				ASSETCATALOG_COMPILER_GLOBAL_ACCENT_COLOR_NAME = AccentColor;
				CODE_SIGN_STYLE = Automatic;
				CURRENT_PROJECT_VERSION = 1;
				DEVELOPMENT_ASSET_PATHS = "\"pokeapp/Preview Content\"";
				DEVELOPMENT_TEAM = 67LQ3RK437;
				ENABLE_PREVIEWS = YES;
				GENERATE_INFOPLIST_FILE = YES;
				INFOPLIST_FILE = pokeapp/Info.plist;
				INFOPLIST_KEY_CFBundleDisplayName = PokeApp;
				INFOPLIST_KEY_LSApplicationCategoryType = "";
				INFOPLIST_KEY_UIApplicationSceneManifest_Generation = YES;
				INFOPLIST_KEY_UIApplicationSupportsIndirectInputEvents = YES;
				INFOPLIST_KEY_UILaunchScreen_Generation = YES;
				INFOPLIST_KEY_UISupportedInterfaceOrientations_iPad = "UIInterfaceOrientationPortrait UIInterfaceOrientationPortraitUpsideDown UIInterfaceOrientationLandscapeLeft UIInterfaceOrientationLandscapeRight";
				INFOPLIST_KEY_UISupportedInterfaceOrientations_iPhone = "UIInterfaceOrientationPortrait UIInterfaceOrientationLandscapeLeft UIInterfaceOrientationLandscapeRight";
				INFOPLIST_KEY_UIUserInterfaceStyle = Light;
				IPHONEOS_DEPLOYMENT_TARGET = 16.4;
				LD_RUNPATH_SEARCH_PATHS = (
					"$(inherited)",
					"@executable_path/Frameworks",
				);
				MARKETING_VERSION = 1.0;
				PRODUCT_BUNDLE_IDENTIFIER = edma.pokeapp;
				PRODUCT_NAME = "$(TARGET_NAME)";
				SWIFT_EMIT_LOC_STRINGS = YES;
				SWIFT_VERSION = 5.0;
				TARGETED_DEVICE_FAMILY = "1,2";
			};
			name = Debug;
		};
		3157FEBA2A74533C006FA242 /* Release */ = {
			isa = XCBuildConfiguration;
			buildSettings = {
				ASSETCATALOG_COMPILER_APPICON_NAME = AppIcon;
				ASSETCATALOG_COMPILER_GLOBAL_ACCENT_COLOR_NAME = AccentColor;
				CODE_SIGN_STYLE = Automatic;
				CURRENT_PROJECT_VERSION = 1;
				DEVELOPMENT_ASSET_PATHS = "\"pokeapp/Preview Content\"";
				DEVELOPMENT_TEAM = 67LQ3RK437;
				ENABLE_PREVIEWS = YES;
				GENERATE_INFOPLIST_FILE = YES;
				INFOPLIST_FILE = pokeapp/Info.plist;
				INFOPLIST_KEY_CFBundleDisplayName = PokeApp;
				INFOPLIST_KEY_LSApplicationCategoryType = "";
				INFOPLIST_KEY_UIApplicationSceneManifest_Generation = YES;
				INFOPLIST_KEY_UIApplicationSupportsIndirectInputEvents = YES;
				INFOPLIST_KEY_UILaunchScreen_Generation = YES;
				INFOPLIST_KEY_UISupportedInterfaceOrientations_iPad = "UIInterfaceOrientationPortrait UIInterfaceOrientationPortraitUpsideDown UIInterfaceOrientationLandscapeLeft UIInterfaceOrientationLandscapeRight";
				INFOPLIST_KEY_UISupportedInterfaceOrientations_iPhone = "UIInterfaceOrientationPortrait UIInterfaceOrientationLandscapeLeft UIInterfaceOrientationLandscapeRight";
				INFOPLIST_KEY_UIUserInterfaceStyle = Light;
				IPHONEOS_DEPLOYMENT_TARGET = 16.4;
				LD_RUNPATH_SEARCH_PATHS = (
					"$(inherited)",
					"@executable_path/Frameworks",
				);
				MARKETING_VERSION = 1.0;
				PRODUCT_BUNDLE_IDENTIFIER = edma.pokeapp;
				PRODUCT_NAME = "$(TARGET_NAME)";
				SWIFT_EMIT_LOC_STRINGS = YES;
				SWIFT_VERSION = 5.0;
				TARGETED_DEVICE_FAMILY = "1,2";
			};
			name = Release;
		};
/* End XCBuildConfiguration section */

/* Begin XCConfigurationList section */
		3157FEA52A74533A006FA242 /* Build configuration list for PBXProject "pokeapp" */ = {
			isa = XCConfigurationList;
			buildConfigurations = (
				3157FEB62A74533C006FA242 /* Debug */,
				3157FEB72A74533C006FA242 /* Release */,
			);
			defaultConfigurationIsVisible = 0;
			defaultConfigurationName = Release;
		};
		3157FEB82A74533C006FA242 /* Build configuration list for PBXNativeTarget "pokeapp" */ = {
			isa = XCConfigurationList;
			buildConfigurations = (
				3157FEB92A74533C006FA242 /* Debug */,
				3157FEBA2A74533C006FA242 /* Release */,
			);
			defaultConfigurationIsVisible = 0;
			defaultConfigurationName = Release;
		};
/* End XCConfigurationList section */

/* Begin XCRemoteSwiftPackageReference section */
		31F197242A8DDC0A00B8C10E /* XCRemoteSwiftPackageReference "PokemonAPI" */ = {
			isa = XCRemoteSwiftPackageReference;
			repositoryURL = "https://github.com/kinkofer/PokemonAPI";
			requirement = {
				kind = upToNextMajorVersion;
				minimumVersion = 6.0.0;
			};
		};
		31F197272A8DDC9300B8C10E /* XCRemoteSwiftPackageReference "Transmission" */ = {
			isa = XCRemoteSwiftPackageReference;
			repositoryURL = "https://github.com/nathantannar4/Transmission";
			requirement = {
				kind = upToNextMajorVersion;
				minimumVersion = 0.1.23;
			};
		};
/* End XCRemoteSwiftPackageReference section */

/* Begin XCSwiftPackageProductDependency section */
		31F197252A8DDC0A00B8C10E /* PokemonAPI */ = {
			isa = XCSwiftPackageProductDependency;
			package = 31F197242A8DDC0A00B8C10E /* XCRemoteSwiftPackageReference "PokemonAPI" */;
			productName = PokemonAPI;
		};
		31F197282A8DDC9300B8C10E /* Transmission */ = {
			isa = XCSwiftPackageProductDependency;
			package = 31F197272A8DDC9300B8C10E /* XCRemoteSwiftPackageReference "Transmission" */;
			productName = Transmission;
		};
/* End XCSwiftPackageProductDependency section */
	};
	rootObject = 3157FEA22A74533A006FA242 /* Project object */;
}
